
Microsoft Visual Studio Solution File, Format Version 12.00
# Visual Studio Version 16
VisualStudioVersion = 16.0.31005.135
MinimumVisualStudioVersion = 10.0.40219.1
Project("{FAE04EC0-301F-11D3-BF4B-00C04F79EFBC}") = "Test", "Test\Test.csproj", "{792A2DF4-021E-4C0B-8EC5-B88B7D182F28}"
EndProject
Global
	GlobalSection(SolutionConfigurationPlatforms) = preSolution
		Debug|Any CPU = Debug|Any CPU
		Release|Any CPU = Release|Any CPU
	EndGlobalSection
	GlobalSection(ProjectConfigurationPlatforms) = postSolution
		{792A2DF4-021E-4C0B-8EC5-B88B7D182F28}.Debug|Any CPU.ActiveCfg = Debug|Any CPU
		{792A2DF4-021E-4C0B-8EC5-B88B7D182F28}.Debug|Any CPU.Build.0 = Debug|Any CPU
		{792A2DF4-021E-4C0B-8EC5-B88B7D182F28}.Release|Any CPU.ActiveCfg = Release|Any CPU
		{792A2DF4-021E-4C0B-8EC5-B88B7D182F28}.Release|Any CPU.Build.0 = Release|Any CPU
	EndGlobalSection
	GlobalSection(SolutionProperties) = preSolution
		HideSolutionNode = FALSE
	EndGlobalSection
	GlobalSection(ExtensibilityGlobals) = postSolution
		SolutionGuid = {51265843-8C33-4FEF-BEB3-464317A2C9BA}
	EndGlobalSection
EndGlobal
